// !$*UTF8*$!
{
	archiveVersion = 1;
	classes = {
	};
	objectVersion = 51;
	objects = {

/* Begin PBXBuildFile section */
		9A97876B2D23DA8B31ADC544 /* Pods_otbwa.framework in Frameworks */ = {isa = PBXBuildFile; fileRef = C115972814BDA77BFAF97CC2 /* Pods_otbwa.framework */; };
		E945566026B55DEA00F6268D /* FilterSectionView.swift in Sources */ = {isa = PBXBuildFile; fileRef = E945565F26B55DEA00F6268D /* FilterSectionView.swift */; };
		E945566226B55DF100F6268D /* FilterSectionView.xib in Resources */ = {isa = PBXBuildFile; fileRef = E945566126B55DF100F6268D /* FilterSectionView.xib */; };
		E945566826B64BCE00F6268D /* ShareData.swift in Sources */ = {isa = PBXBuildFile; fileRef = E945566726B64BCE00F6268D /* ShareData.swift */; };
		E945566A26B66B7400F6268D /* StoreSelectionViewController.swift in Sources */ = {isa = PBXBuildFile; fileRef = E945566926B66B7400F6268D /* StoreSelectionViewController.swift */; };
		E945566C26B67F1F00F6268D /* JoinCompletionViewController.swift in Sources */ = {isa = PBXBuildFile; fileRef = E945566B26B67F1F00F6268D /* JoinCompletionViewController.swift */; };
		E945566E26B687D600F6268D /* MainTabBarController.swift in Sources */ = {isa = PBXBuildFile; fileRef = E945566D26B687D600F6268D /* MainTabBarController.swift */; };
		E94632BE26C2CAFA00E469B4 /* FilterColCell.swift in Sources */ = {isa = PBXBuildFile; fileRef = E94632BC26C2CAFA00E469B4 /* FilterColCell.swift */; };
		E94632BF26C2CAFA00E469B4 /* FilterColCell.xib in Resources */ = {isa = PBXBuildFile; fileRef = E94632BD26C2CAFA00E469B4 /* FilterColCell.xib */; };
		E97C7AD826B52C6300D5EA93 /* StoreInofViewController.swift in Sources */ = {isa = PBXBuildFile; fileRef = E97C7AD726B52C6300D5EA93 /* StoreInofViewController.swift */; };
		E97C7ADA26B55D1300D5EA93 /* HashTagViewController.swift in Sources */ = {isa = PBXBuildFile; fileRef = E97C7AD926B55D1300D5EA93 /* HashTagViewController.swift */; };
		E981358326B37F3B00C75AA1 /* Login.storyboard in Resources */ = {isa = PBXBuildFile; fileRef = E981358226B37F3B00C75AA1 /* Login.storyboard */; };
		E981358726B37FFB00C75AA1 /* BaseViewController.swift in Sources */ = {isa = PBXBuildFile; fileRef = E981358626B37FFB00C75AA1 /* BaseViewController.swift */; };
		E981358926B3803100C75AA1 /* BaseNavigationController.swift in Sources */ = {isa = PBXBuildFile; fileRef = E981358826B3803100C75AA1 /* BaseNavigationController.swift */; };
		E981358B26B380A000C75AA1 /* IntroViewController.swift in Sources */ = {isa = PBXBuildFile; fileRef = E981358A26B380A000C75AA1 /* IntroViewController.swift */; };
		E981358D26B380AA00C75AA1 /* LoginViewController.swift in Sources */ = {isa = PBXBuildFile; fileRef = E981358C26B380AA00C75AA1 /* LoginViewController.swift */; };
		E98135B626B390B400C75AA1 /* CTextField.swift in Sources */ = {isa = PBXBuildFile; fileRef = E98135AC26B390B300C75AA1 /* CTextField.swift */; };
		E98135B726B390B400C75AA1 /* CDateFormatter.swift in Sources */ = {isa = PBXBuildFile; fileRef = E98135AD26B390B300C75AA1 /* CDateFormatter.swift */; };
		E98135B826B390B400C75AA1 /* CView.swift in Sources */ = {isa = PBXBuildFile; fileRef = E98135AE26B390B300C75AA1 /* CView.swift */; };
		E98135B926B390B400C75AA1 /* Extension.swift in Sources */ = {isa = PBXBuildFile; fileRef = E98135AF26B390B300C75AA1 /* Extension.swift */; };
		E98135BA26B390B400C75AA1 /* CImageView.swift in Sources */ = {isa = PBXBuildFile; fileRef = E98135B026B390B300C75AA1 /* CImageView.swift */; };
		E98135BB26B390B400C75AA1 /* CButton.swift in Sources */ = {isa = PBXBuildFile; fileRef = E98135B126B390B400C75AA1 /* CButton.swift */; };
		E98135BC26B390B400C75AA1 /* DateExtension.swift in Sources */ = {isa = PBXBuildFile; fileRef = E98135B226B390B400C75AA1 /* DateExtension.swift */; };
		E98135BD26B390B400C75AA1 /* Clabel.swift in Sources */ = {isa = PBXBuildFile; fileRef = E98135B326B390B400C75AA1 /* Clabel.swift */; };
		E98135BE26B390B400C75AA1 /* CTextView.swift in Sources */ = {isa = PBXBuildFile; fileRef = E98135B426B390B400C75AA1 /* CTextView.swift */; };
		E98135BF26B390B400C75AA1 /* CToolbar.swift in Sources */ = {isa = PBXBuildFile; fileRef = E98135B526B390B400C75AA1 /* CToolbar.swift */; };
		E98135C126B3910000C75AA1 /* Constants.swift in Sources */ = {isa = PBXBuildFile; fileRef = E98135C026B3910000C75AA1 /* Constants.swift */; };
		E98135C426B3A1A800C75AA1 /* FindIdViewController.swift in Sources */ = {isa = PBXBuildFile; fileRef = E98135C326B3A1A800C75AA1 /* FindIdViewController.swift */; };
		E98135C626B3A1AF00C75AA1 /* FindPwViewController.swift in Sources */ = {isa = PBXBuildFile; fileRef = E98135C526B3A1AF00C75AA1 /* FindPwViewController.swift */; };
		E9865DEE26BF93B900C7348E /* LICENSE in Resources */ = {isa = PBXBuildFile; fileRef = E9865DE226BF93B900C7348E /* LICENSE */; };
		E9865DEF26BF93B900C7348E /* README-OBJECTIVE-C.md in Resources */ = {isa = PBXBuildFile; fileRef = E9865DE326BF93B900C7348E /* README-OBJECTIVE-C.md */; };
		E9865DF026BF93B900C7348E /* FSPagerView.swift in Sources */ = {isa = PBXBuildFile; fileRef = E9865DE526BF93B900C7348E /* FSPagerView.swift */; };
		E9865DF126BF93B900C7348E /* FSPageViewTransformer.swift in Sources */ = {isa = PBXBuildFile; fileRef = E9865DE626BF93B900C7348E /* FSPageViewTransformer.swift */; };
		E9865DF226BF93B900C7348E /* FSPagerViewCell.swift in Sources */ = {isa = PBXBuildFile; fileRef = E9865DE826BF93B900C7348E /* FSPagerViewCell.swift */; };
		E9865DF326BF93B900C7348E /* FSPagerViewLayoutAttributes.swift in Sources */ = {isa = PBXBuildFile; fileRef = E9865DE926BF93B900C7348E /* FSPagerViewLayoutAttributes.swift */; };
		E9865DF426BF93B900C7348E /* FSPageViewLayout.swift in Sources */ = {isa = PBXBuildFile; fileRef = E9865DEA26BF93B900C7348E /* FSPageViewLayout.swift */; };
		E9865DF526BF93B900C7348E /* FSPageControl.swift in Sources */ = {isa = PBXBuildFile; fileRef = E9865DEB26BF93B900C7348E /* FSPageControl.swift */; };
		E9865DF626BF93B900C7348E /* FSPagerViewObjcCompat.m in Sources */ = {isa = PBXBuildFile; fileRef = E9865DEC26BF93B900C7348E /* FSPagerViewObjcCompat.m */; };
		E9865DF726BF93B900C7348E /* FSPagerCollectionView.swift in Sources */ = {isa = PBXBuildFile; fileRef = E9865DED26BF93B900C7348E /* FSPagerCollectionView.swift */; };
		E9865DFA26BF947000C7348E /* BannerColCell.swift in Sources */ = {isa = PBXBuildFile; fileRef = E9865DF826BF947000C7348E /* BannerColCell.swift */; };
		E9865DFB26BF947000C7348E /* BannerColCell.xib in Resources */ = {isa = PBXBuildFile; fileRef = E9865DF926BF947000C7348E /* BannerColCell.xib */; };
		E9865DFE26BFAF5500C7348E /* FilterReusableView.swift in Sources */ = {isa = PBXBuildFile; fileRef = E9865DFC26BFAF5500C7348E /* FilterReusableView.swift */; };
		E9865DFF26BFAF5500C7348E /* FilterReusableView.xib in Resources */ = {isa = PBXBuildFile; fileRef = E9865DFD26BFAF5500C7348E /* FilterReusableView.xib */; };
		E9865E0726BFEB6E00C7348E /* EventDetailViewController.swift in Sources */ = {isa = PBXBuildFile; fileRef = E9865E0626BFEB6E00C7348E /* EventDetailViewController.swift */; };
		E9865E0A26C000B500C7348E /* ProductColCell.swift in Sources */ = {isa = PBXBuildFile; fileRef = E9865E0826C000B500C7348E /* ProductColCell.swift */; };
		E9865E0B26C000B500C7348E /* ProductColCell.xib in Resources */ = {isa = PBXBuildFile; fileRef = E9865E0926C000B500C7348E /* ProductColCell.xib */; };
		E9865E0D26C00C7800C7348E /* FilterViewController.swift in Sources */ = {isa = PBXBuildFile; fileRef = E9865E0C26C00C7800C7348E /* FilterViewController.swift */; };
		E9865E0F26C0114400C7348E /* Common.storyboard in Resources */ = {isa = PBXBuildFile; fileRef = E9865E0E26C0114400C7348E /* Common.storyboard */; };
		E99A7A9926BAA29A0036525E /* KeychainItem.swift in Sources */ = {isa = PBXBuildFile; fileRef = E99A7A9826BAA29A0036525E /* KeychainItem.swift */; };
		E99A7A9B26BAD2990036525E /* CFlowLayout.swift in Sources */ = {isa = PBXBuildFile; fileRef = E99A7A9A26BAD2990036525E /* CFlowLayout.swift */; };
		E99EB83126B4395F00084684 /* BuildingSelectedViewController.swift in Sources */ = {isa = PBXBuildFile; fileRef = E99EB83026B4395F00084684 /* BuildingSelectedViewController.swift */; };
		E99EB83326B4397700084684 /* FlowSelectedViewController.swift in Sources */ = {isa = PBXBuildFile; fileRef = E99EB83226B4397700084684 /* FlowSelectedViewController.swift */; };
		E99EB83526B439A500084684 /* RoomSelectedViewController.swift in Sources */ = {isa = PBXBuildFile; fileRef = E99EB83426B439A500084684 /* RoomSelectedViewController.swift */; };
		E99EB83826B43DEF00084684 /* PopupCell.swift in Sources */ = {isa = PBXBuildFile; fileRef = E99EB83626B43DEF00084684 /* PopupCell.swift */; };
		E99EB83926B43DEF00084684 /* PopupCell.xib in Resources */ = {isa = PBXBuildFile; fileRef = E99EB83726B43DEF00084684 /* PopupCell.xib */; };
		E99EC7EC26B7865A00520D44 /* ApiManager.swift in Sources */ = {isa = PBXBuildFile; fileRef = E99EC7EB26B7865A00520D44 /* ApiManager.swift */; };
		E99EC7EE26B7866400520D44 /* NetworkManager.swift in Sources */ = {isa = PBXBuildFile; fileRef = E99EC7ED26B7866300520D44 /* NetworkManager.swift */; };
		E99EC7F026B787EC00520D44 /* Utility.swift in Sources */ = {isa = PBXBuildFile; fileRef = E99EC7EF26B787EC00520D44 /* Utility.swift */; };
		E99EEC0326BECE71006A65CF /* TabContainerController.swift in Sources */ = {isa = PBXBuildFile; fileRef = E99EEC0126BECE71006A65CF /* TabContainerController.swift */; };
		E99EEC0426BECE71006A65CF /* TabContainerController.xib in Resources */ = {isa = PBXBuildFile; fileRef = E99EEC0226BECE71006A65CF /* TabContainerController.xib */; };
		E99EEC0626BEE328006A65CF /* RMainTabViewController.swift in Sources */ = {isa = PBXBuildFile; fileRef = E99EEC0526BEE328006A65CF /* RMainTabViewController.swift */; };
		E99EEC0926BEE4A2006A65CF /* RTotalProductViewController.swift in Sources */ = {isa = PBXBuildFile; fileRef = E99EEC0826BEE4A2006A65CF /* RTotalProductViewController.swift */; };
		E99EEC0B26BEE4F8006A65CF /* RPartnerProductViewController.swift in Sources */ = {isa = PBXBuildFile; fileRef = E99EEC0A26BEE4F8006A65CF /* RPartnerProductViewController.swift */; };
		E9A5B4A826B3B7900002AE81 /* CNavigationBar.swift in Sources */ = {isa = PBXBuildFile; fileRef = E9A5B4A726B3B7900002AE81 /* CNavigationBar.swift */; };
		E9A5B4AA26B3C28B0002AE81 /* JoinGateWayViewController.swift in Sources */ = {isa = PBXBuildFile; fileRef = E9A5B4A926B3C28B0002AE81 /* JoinGateWayViewController.swift */; };
		E9A5B4AC26B3CA3D0002AE81 /* SelectedButton.swift in Sources */ = {isa = PBXBuildFile; fileRef = E9A5B4AB26B3CA3D0002AE81 /* SelectedButton.swift */; };
		E9A5B4AE26B3D6000002AE81 /* UserTypeSelectionViewController.swift in Sources */ = {isa = PBXBuildFile; fileRef = E9A5B4AD26B3D6000002AE81 /* UserTypeSelectionViewController.swift */; };
		E9A5B4B226B3DDA40002AE81 /* StoreLocationInfoViewController.swift in Sources */ = {isa = PBXBuildFile; fileRef = E9A5B4B126B3DDA40002AE81 /* StoreLocationInfoViewController.swift */; };
		E9A5B4B426B3DDCA0002AE81 /* CeoInofViewController.swift in Sources */ = {isa = PBXBuildFile; fileRef = E9A5B4B326B3DDCA0002AE81 /* CeoInofViewController.swift */; };
		E9A5B4B626B3DE3C0002AE81 /* StaffStoreInfoViewController.swift in Sources */ = {isa = PBXBuildFile; fileRef = E9A5B4B526B3DE3C0002AE81 /* StaffStoreInfoViewController.swift */; };
		E9A5B4BC26B3DEB00002AE81 /* StaffInfoViewController.swift in Sources */ = {isa = PBXBuildFile; fileRef = E9A5B4BB26B3DEB00002AE81 /* StaffInfoViewController.swift */; };
		E9A6ABFE26B29E9C00F53885 /* AppDelegate.swift in Sources */ = {isa = PBXBuildFile; fileRef = E9A6ABFD26B29E9C00F53885 /* AppDelegate.swift */; };
		E9A6AC0526B29E9C00F53885 /* Main.storyboard in Resources */ = {isa = PBXBuildFile; fileRef = E9A6AC0326B29E9C00F53885 /* Main.storyboard */; };
		E9A6AC0726B29E9E00F53885 /* Assets.xcassets in Resources */ = {isa = PBXBuildFile; fileRef = E9A6AC0626B29E9E00F53885 /* Assets.xcassets */; };
		E9A6AC0A26B29E9E00F53885 /* LaunchScreen.storyboard in Resources */ = {isa = PBXBuildFile; fileRef = E9A6AC0826B29E9E00F53885 /* LaunchScreen.storyboard */; };
		E9A6AC1326B2A25B00F53885 /* GoogleService-Info.plist in Resources */ = {isa = PBXBuildFile; fileRef = E9A6AC1226B2A25B00F53885 /* GoogleService-Info.plist */; };
		E9A94FAC26B6DD8D005BC1EA /* UserInfo.swift in Sources */ = {isa = PBXBuildFile; fileRef = E9A94FAB26B6DD8D005BC1EA /* UserInfo.swift */; };
		E9A94FAE26B6E893005BC1EA /* StoreInofViewController2.swift in Sources */ = {isa = PBXBuildFile; fileRef = E9A94FAD26B6E893005BC1EA /* StoreInofViewController2.swift */; };
		E9A94FB026B6F4AC005BC1EA /* ProductStyleSelectionViewController.swift in Sources */ = {isa = PBXBuildFile; fileRef = E9A94FAF26B6F4AC005BC1EA /* ProductStyleSelectionViewController.swift */; };
		E9A94FB226B6F96C005BC1EA /* CCollectionFlowLayout.swift in Sources */ = {isa = PBXBuildFile; fileRef = E9A94FB126B6F96C005BC1EA /* CCollectionFlowLayout.swift */; };
		E9B234FF26C2B2F80089BB6D /* FtCategoryViewController.swift in Sources */ = {isa = PBXBuildFile; fileRef = E9B234FE26C2B2F80089BB6D /* FtCategoryViewController.swift */; };
		E9B2350126C2B3140089BB6D /* FtStyleViewController.swift in Sources */ = {isa = PBXBuildFile; fileRef = E9B2350026C2B3140089BB6D /* FtStyleViewController.swift */; };
		E9B2350326C2B31B0089BB6D /* FtColorViewController.swift in Sources */ = {isa = PBXBuildFile; fileRef = E9B2350226C2B31B0089BB6D /* FtColorViewController.swift */; };
		E9B2350526C2B32D0089BB6D /* FtAddrViewController.swift in Sources */ = {isa = PBXBuildFile; fileRef = E9B2350426C2B32D0089BB6D /* FtAddrViewController.swift */; };
		E9B2350726C2B33B0089BB6D /* FtAmountViewController.swift in Sources */ = {isa = PBXBuildFile; fileRef = E9B2350626C2B33B0089BB6D /* FtAmountViewController.swift */; };
		E9B2350926C2B3460089BB6D /* FtCountyViewController.swift in Sources */ = {isa = PBXBuildFile; fileRef = E9B2350826C2B3460089BB6D /* FtCountyViewController.swift */; };
		E9BBC0D626C41A86001ED68C /* FilterColorColCell.swift in Sources */ = {isa = PBXBuildFile; fileRef = E9BBC0D426C41A86001ED68C /* FilterColorColCell.swift */; };
		E9BBC0D726C41A86001ED68C /* FilterColorColCell.xib in Resources */ = {isa = PBXBuildFile; fileRef = E9BBC0D526C41A86001ED68C /* FilterColorColCell.xib */; };
		E9CE23EB26C9675700A09B16 /* MenuViewController.swift in Sources */ = {isa = PBXBuildFile; fileRef = E9CE23EA26C9675700A09B16 /* MenuViewController.swift */; };
		E9CE23ED26C9677900A09B16 /* SearchViewController.swift in Sources */ = {isa = PBXBuildFile; fileRef = E9CE23EC26C9677900A09B16 /* SearchViewController.swift */; };
		E9CE23EF26C967A400A09B16 /* OrderViewController.swift in Sources */ = {isa = PBXBuildFile; fileRef = E9CE23EE26C967A400A09B16 /* OrderViewController.swift */; };
		E9EFC97026B83E8A00FFC603 /* CImagePickerController.swift in Sources */ = {isa = PBXBuildFile; fileRef = E9EFC96D26B83E8A00FFC603 /* CImagePickerController.swift */; };
		E9EFC97126B83E8A00FFC603 /* CameraOverlayView.swift in Sources */ = {isa = PBXBuildFile; fileRef = E9EFC96E26B83E8A00FFC603 /* CameraOverlayView.swift */; };
		E9EFC97226B83E8A00FFC603 /* CameraOverlayView.xib in Resources */ = {isa = PBXBuildFile; fileRef = E9EFC96F26B83E8A00FFC603 /* CameraOverlayView.xib */; };
		E9EFC97426B83EA800FFC603 /* Photos.framework in Frameworks */ = {isa = PBXBuildFile; fileRef = E9EFC97326B83EA800FFC603 /* Photos.framework */; };
/* End PBXBuildFile section */

/* Begin PBXFileReference section */
		355F69D5610D07AD45BB6243 /* Pods-otbwa.debug.xcconfig */ = {isa = PBXFileReference; includeInIndex = 1; lastKnownFileType = text.xcconfig; name = "Pods-otbwa.debug.xcconfig"; path = "Target Support Files/Pods-otbwa/Pods-otbwa.debug.xcconfig"; sourceTree = "<group>"; };
		C115972814BDA77BFAF97CC2 /* Pods_otbwa.framework */ = {isa = PBXFileReference; explicitFileType = wrapper.framework; includeInIndex = 0; path = Pods_otbwa.framework; sourceTree = BUILT_PRODUCTS_DIR; };
		C6B7B3B3AAF11ED52262875D /* Pods-otbwa.release.xcconfig */ = {isa = PBXFileReference; includeInIndex = 1; lastKnownFileType = text.xcconfig; name = "Pods-otbwa.release.xcconfig"; path = "Target Support Files/Pods-otbwa/Pods-otbwa.release.xcconfig"; sourceTree = "<group>"; };
		E945565F26B55DEA00F6268D /* FilterSectionView.swift */ = {isa = PBXFileReference; lastKnownFileType = sourcecode.swift; path = FilterSectionView.swift; sourceTree = "<group>"; };
		E945566126B55DF100F6268D /* FilterSectionView.xib */ = {isa = PBXFileReference; lastKnownFileType = file.xib; path = FilterSectionView.xib; sourceTree = "<group>"; };
		E945566726B64BCE00F6268D /* ShareData.swift */ = {isa = PBXFileReference; lastKnownFileType = sourcecode.swift; path = ShareData.swift; sourceTree = "<group>"; };
		E945566926B66B7400F6268D /* StoreSelectionViewController.swift */ = {isa = PBXFileReference; lastKnownFileType = sourcecode.swift; path = StoreSelectionViewController.swift; sourceTree = "<group>"; };
		E945566B26B67F1F00F6268D /* JoinCompletionViewController.swift */ = {isa = PBXFileReference; lastKnownFileType = sourcecode.swift; path = JoinCompletionViewController.swift; sourceTree = "<group>"; };
		E945566D26B687D600F6268D /* MainTabBarController.swift */ = {isa = PBXFileReference; lastKnownFileType = sourcecode.swift; path = MainTabBarController.swift; sourceTree = "<group>"; };
		E94632BC26C2CAFA00E469B4 /* FilterColCell.swift */ = {isa = PBXFileReference; lastKnownFileType = sourcecode.swift; path = FilterColCell.swift; sourceTree = "<group>"; };
		E94632BD26C2CAFA00E469B4 /* FilterColCell.xib */ = {isa = PBXFileReference; lastKnownFileType = file.xib; path = FilterColCell.xib; sourceTree = "<group>"; };
		E97C7AD726B52C6300D5EA93 /* StoreInofViewController.swift */ = {isa = PBXFileReference; lastKnownFileType = sourcecode.swift; path = StoreInofViewController.swift; sourceTree = "<group>"; };
		E97C7AD926B55D1300D5EA93 /* HashTagViewController.swift */ = {isa = PBXFileReference; lastKnownFileType = sourcecode.swift; path = HashTagViewController.swift; sourceTree = "<group>"; };
		E981358226B37F3B00C75AA1 /* Login.storyboard */ = {isa = PBXFileReference; lastKnownFileType = file.storyboard; path = Login.storyboard; sourceTree = "<group>"; };
		E981358626B37FFB00C75AA1 /* BaseViewController.swift */ = {isa = PBXFileReference; lastKnownFileType = sourcecode.swift; name = BaseViewController.swift; path = otbwa/App/BaseViewController.swift; sourceTree = SOURCE_ROOT; };
		E981358826B3803100C75AA1 /* BaseNavigationController.swift */ = {isa = PBXFileReference; lastKnownFileType = sourcecode.swift; path = BaseNavigationController.swift; sourceTree = "<group>"; };
		E981358A26B380A000C75AA1 /* IntroViewController.swift */ = {isa = PBXFileReference; lastKnownFileType = sourcecode.swift; path = IntroViewController.swift; sourceTree = "<group>"; };
		E981358C26B380AA00C75AA1 /* LoginViewController.swift */ = {isa = PBXFileReference; lastKnownFileType = sourcecode.swift; path = LoginViewController.swift; sourceTree = "<group>"; };
		E98135AC26B390B300C75AA1 /* CTextField.swift */ = {isa = PBXFileReference; fileEncoding = 4; lastKnownFileType = sourcecode.swift; path = CTextField.swift; sourceTree = "<group>"; };
		E98135AD26B390B300C75AA1 /* CDateFormatter.swift */ = {isa = PBXFileReference; fileEncoding = 4; lastKnownFileType = sourcecode.swift; path = CDateFormatter.swift; sourceTree = "<group>"; };
		E98135AE26B390B300C75AA1 /* CView.swift */ = {isa = PBXFileReference; fileEncoding = 4; lastKnownFileType = sourcecode.swift; path = CView.swift; sourceTree = "<group>"; };
		E98135AF26B390B300C75AA1 /* Extension.swift */ = {isa = PBXFileReference; fileEncoding = 4; lastKnownFileType = sourcecode.swift; path = Extension.swift; sourceTree = "<group>"; };
		E98135B026B390B300C75AA1 /* CImageView.swift */ = {isa = PBXFileReference; fileEncoding = 4; lastKnownFileType = sourcecode.swift; path = CImageView.swift; sourceTree = "<group>"; };
		E98135B126B390B400C75AA1 /* CButton.swift */ = {isa = PBXFileReference; fileEncoding = 4; lastKnownFileType = sourcecode.swift; path = CButton.swift; sourceTree = "<group>"; };
		E98135B226B390B400C75AA1 /* DateExtension.swift */ = {isa = PBXFileReference; fileEncoding = 4; lastKnownFileType = sourcecode.swift; path = DateExtension.swift; sourceTree = "<group>"; };
		E98135B326B390B400C75AA1 /* Clabel.swift */ = {isa = PBXFileReference; fileEncoding = 4; lastKnownFileType = sourcecode.swift; path = Clabel.swift; sourceTree = "<group>"; };
		E98135B426B390B400C75AA1 /* CTextView.swift */ = {isa = PBXFileReference; fileEncoding = 4; lastKnownFileType = sourcecode.swift; path = CTextView.swift; sourceTree = "<group>"; };
		E98135B526B390B400C75AA1 /* CToolbar.swift */ = {isa = PBXFileReference; fileEncoding = 4; lastKnownFileType = sourcecode.swift; path = CToolbar.swift; sourceTree = "<group>"; };
		E98135C026B3910000C75AA1 /* Constants.swift */ = {isa = PBXFileReference; lastKnownFileType = sourcecode.swift; path = Constants.swift; sourceTree = "<group>"; };
		E98135C326B3A1A800C75AA1 /* FindIdViewController.swift */ = {isa = PBXFileReference; lastKnownFileType = sourcecode.swift; path = FindIdViewController.swift; sourceTree = "<group>"; };
		E98135C526B3A1AF00C75AA1 /* FindPwViewController.swift */ = {isa = PBXFileReference; lastKnownFileType = sourcecode.swift; path = FindPwViewController.swift; sourceTree = "<group>"; };
		E9865DE226BF93B900C7348E /* LICENSE */ = {isa = PBXFileReference; fileEncoding = 4; lastKnownFileType = text; path = LICENSE; sourceTree = "<group>"; };
		E9865DE326BF93B900C7348E /* README-OBJECTIVE-C.md */ = {isa = PBXFileReference; fileEncoding = 4; lastKnownFileType = net.daringfireball.markdown; path = "README-OBJECTIVE-C.md"; sourceTree = "<group>"; };
		E9865DE526BF93B900C7348E /* FSPagerView.swift */ = {isa = PBXFileReference; fileEncoding = 4; lastKnownFileType = sourcecode.swift; path = FSPagerView.swift; sourceTree = "<group>"; };
		E9865DE626BF93B900C7348E /* FSPageViewTransformer.swift */ = {isa = PBXFileReference; fileEncoding = 4; lastKnownFileType = sourcecode.swift; path = FSPageViewTransformer.swift; sourceTree = "<group>"; };
		E9865DE726BF93B900C7348E /* FSPagerViewObjcCompat.h */ = {isa = PBXFileReference; fileEncoding = 4; lastKnownFileType = sourcecode.c.h; path = FSPagerViewObjcCompat.h; sourceTree = "<group>"; };
		E9865DE826BF93B900C7348E /* FSPagerViewCell.swift */ = {isa = PBXFileReference; fileEncoding = 4; lastKnownFileType = sourcecode.swift; path = FSPagerViewCell.swift; sourceTree = "<group>"; };
		E9865DE926BF93B900C7348E /* FSPagerViewLayoutAttributes.swift */ = {isa = PBXFileReference; fileEncoding = 4; lastKnownFileType = sourcecode.swift; path = FSPagerViewLayoutAttributes.swift; sourceTree = "<group>"; };
		E9865DEA26BF93B900C7348E /* FSPageViewLayout.swift */ = {isa = PBXFileReference; fileEncoding = 4; lastKnownFileType = sourcecode.swift; path = FSPageViewLayout.swift; sourceTree = "<group>"; };
		E9865DEB26BF93B900C7348E /* FSPageControl.swift */ = {isa = PBXFileReference; fileEncoding = 4; lastKnownFileType = sourcecode.swift; path = FSPageControl.swift; sourceTree = "<group>"; };
		E9865DEC26BF93B900C7348E /* FSPagerViewObjcCompat.m */ = {isa = PBXFileReference; fileEncoding = 4; lastKnownFileType = sourcecode.c.objc; path = FSPagerViewObjcCompat.m; sourceTree = "<group>"; };
		E9865DED26BF93B900C7348E /* FSPagerCollectionView.swift */ = {isa = PBXFileReference; fileEncoding = 4; lastKnownFileType = sourcecode.swift; path = FSPagerCollectionView.swift; sourceTree = "<group>"; };
		E9865DF826BF947000C7348E /* BannerColCell.swift */ = {isa = PBXFileReference; lastKnownFileType = sourcecode.swift; path = BannerColCell.swift; sourceTree = "<group>"; };
		E9865DF926BF947000C7348E /* BannerColCell.xib */ = {isa = PBXFileReference; lastKnownFileType = file.xib; path = BannerColCell.xib; sourceTree = "<group>"; };
		E9865DFC26BFAF5500C7348E /* FilterReusableView.swift */ = {isa = PBXFileReference; lastKnownFileType = sourcecode.swift; path = FilterReusableView.swift; sourceTree = "<group>"; };
		E9865DFD26BFAF5500C7348E /* FilterReusableView.xib */ = {isa = PBXFileReference; lastKnownFileType = file.xib; path = FilterReusableView.xib; sourceTree = "<group>"; };
		E9865E0626BFEB6E00C7348E /* EventDetailViewController.swift */ = {isa = PBXFileReference; lastKnownFileType = sourcecode.swift; path = EventDetailViewController.swift; sourceTree = "<group>"; };
		E9865E0826C000B500C7348E /* ProductColCell.swift */ = {isa = PBXFileReference; lastKnownFileType = sourcecode.swift; path = ProductColCell.swift; sourceTree = "<group>"; };
		E9865E0926C000B500C7348E /* ProductColCell.xib */ = {isa = PBXFileReference; lastKnownFileType = file.xib; path = ProductColCell.xib; sourceTree = "<group>"; };
		E9865E0C26C00C7800C7348E /* FilterViewController.swift */ = {isa = PBXFileReference; lastKnownFileType = sourcecode.swift; path = FilterViewController.swift; sourceTree = "<group>"; };
		E9865E0E26C0114400C7348E /* Common.storyboard */ = {isa = PBXFileReference; lastKnownFileType = file.storyboard; path = Common.storyboard; sourceTree = "<group>"; };
		E99A7A9826BAA29A0036525E /* KeychainItem.swift */ = {isa = PBXFileReference; fileEncoding = 4; lastKnownFileType = sourcecode.swift; path = KeychainItem.swift; sourceTree = "<group>"; };
		E99A7A9A26BAD2990036525E /* CFlowLayout.swift */ = {isa = PBXFileReference; fileEncoding = 4; lastKnownFileType = sourcecode.swift; path = CFlowLayout.swift; sourceTree = "<group>"; };
		E99EB83026B4395F00084684 /* BuildingSelectedViewController.swift */ = {isa = PBXFileReference; lastKnownFileType = sourcecode.swift; path = BuildingSelectedViewController.swift; sourceTree = "<group>"; };
		E99EB83226B4397700084684 /* FlowSelectedViewController.swift */ = {isa = PBXFileReference; lastKnownFileType = sourcecode.swift; path = FlowSelectedViewController.swift; sourceTree = "<group>"; };
		E99EB83426B439A500084684 /* RoomSelectedViewController.swift */ = {isa = PBXFileReference; lastKnownFileType = sourcecode.swift; path = RoomSelectedViewController.swift; sourceTree = "<group>"; };
		E99EB83626B43DEF00084684 /* PopupCell.swift */ = {isa = PBXFileReference; lastKnownFileType = sourcecode.swift; path = PopupCell.swift; sourceTree = "<group>"; };
		E99EB83726B43DEF00084684 /* PopupCell.xib */ = {isa = PBXFileReference; lastKnownFileType = file.xib; path = PopupCell.xib; sourceTree = "<group>"; };
		E99EC7EB26B7865A00520D44 /* ApiManager.swift */ = {isa = PBXFileReference; lastKnownFileType = sourcecode.swift; path = ApiManager.swift; sourceTree = "<group>"; };
		E99EC7ED26B7866300520D44 /* NetworkManager.swift */ = {isa = PBXFileReference; lastKnownFileType = sourcecode.swift; path = NetworkManager.swift; sourceTree = "<group>"; };
		E99EC7EF26B787EC00520D44 /* Utility.swift */ = {isa = PBXFileReference; lastKnownFileType = sourcecode.swift; path = Utility.swift; sourceTree = "<group>"; };
		E99EEC0126BECE71006A65CF /* TabContainerController.swift */ = {isa = PBXFileReference; lastKnownFileType = sourcecode.swift; path = TabContainerController.swift; sourceTree = "<group>"; };
		E99EEC0226BECE71006A65CF /* TabContainerController.xib */ = {isa = PBXFileReference; lastKnownFileType = file.xib; path = TabContainerController.xib; sourceTree = "<group>"; };
		E99EEC0526BEE328006A65CF /* RMainTabViewController.swift */ = {isa = PBXFileReference; lastKnownFileType = sourcecode.swift; path = RMainTabViewController.swift; sourceTree = "<group>"; };
		E99EEC0826BEE4A2006A65CF /* RTotalProductViewController.swift */ = {isa = PBXFileReference; lastKnownFileType = sourcecode.swift; path = RTotalProductViewController.swift; sourceTree = "<group>"; };
		E99EEC0A26BEE4F8006A65CF /* RPartnerProductViewController.swift */ = {isa = PBXFileReference; lastKnownFileType = sourcecode.swift; path = RPartnerProductViewController.swift; sourceTree = "<group>"; };
		E9A5B4A726B3B7900002AE81 /* CNavigationBar.swift */ = {isa = PBXFileReference; fileEncoding = 4; lastKnownFileType = sourcecode.swift; path = CNavigationBar.swift; sourceTree = "<group>"; };
		E9A5B4A926B3C28B0002AE81 /* JoinGateWayViewController.swift */ = {isa = PBXFileReference; lastKnownFileType = sourcecode.swift; path = JoinGateWayViewController.swift; sourceTree = "<group>"; };
		E9A5B4AB26B3CA3D0002AE81 /* SelectedButton.swift */ = {isa = PBXFileReference; fileEncoding = 4; lastKnownFileType = sourcecode.swift; path = SelectedButton.swift; sourceTree = "<group>"; };
		E9A5B4AD26B3D6000002AE81 /* UserTypeSelectionViewController.swift */ = {isa = PBXFileReference; lastKnownFileType = sourcecode.swift; path = UserTypeSelectionViewController.swift; sourceTree = "<group>"; };
		E9A5B4B126B3DDA40002AE81 /* StoreLocationInfoViewController.swift */ = {isa = PBXFileReference; lastKnownFileType = sourcecode.swift; path = StoreLocationInfoViewController.swift; sourceTree = "<group>"; };
		E9A5B4B326B3DDCA0002AE81 /* CeoInofViewController.swift */ = {isa = PBXFileReference; lastKnownFileType = sourcecode.swift; path = CeoInofViewController.swift; sourceTree = "<group>"; };
		E9A5B4B526B3DE3C0002AE81 /* StaffStoreInfoViewController.swift */ = {isa = PBXFileReference; lastKnownFileType = sourcecode.swift; path = StaffStoreInfoViewController.swift; sourceTree = "<group>"; };
		E9A5B4BB26B3DEB00002AE81 /* StaffInfoViewController.swift */ = {isa = PBXFileReference; lastKnownFileType = sourcecode.swift; path = StaffInfoViewController.swift; sourceTree = "<group>"; };
		E9A6ABFA26B29E9C00F53885 /* otbwa.app */ = {isa = PBXFileReference; explicitFileType = wrapper.application; includeInIndex = 0; path = otbwa.app; sourceTree = BUILT_PRODUCTS_DIR; };
		E9A6ABFD26B29E9C00F53885 /* AppDelegate.swift */ = {isa = PBXFileReference; lastKnownFileType = sourcecode.swift; path = AppDelegate.swift; sourceTree = "<group>"; };
		E9A6AC0426B29E9C00F53885 /* Base */ = {isa = PBXFileReference; lastKnownFileType = file.storyboard; name = Base; path = Base.lproj/Main.storyboard; sourceTree = "<group>"; };
		E9A6AC0626B29E9E00F53885 /* Assets.xcassets */ = {isa = PBXFileReference; lastKnownFileType = folder.assetcatalog; path = Assets.xcassets; sourceTree = "<group>"; };
		E9A6AC0926B29E9E00F53885 /* Base */ = {isa = PBXFileReference; lastKnownFileType = file.storyboard; name = Base; path = Base.lproj/LaunchScreen.storyboard; sourceTree = "<group>"; };
		E9A6AC0B26B29E9E00F53885 /* Info.plist */ = {isa = PBXFileReference; lastKnownFileType = text.plist.xml; path = Info.plist; sourceTree = "<group>"; };
		E9A6AC1226B2A25B00F53885 /* GoogleService-Info.plist */ = {isa = PBXFileReference; fileEncoding = 4; lastKnownFileType = text.plist.xml; path = "GoogleService-Info.plist"; sourceTree = "<group>"; };
		E9A94FAB26B6DD8D005BC1EA /* UserInfo.swift */ = {isa = PBXFileReference; lastKnownFileType = sourcecode.swift; path = UserInfo.swift; sourceTree = "<group>"; };
		E9A94FAD26B6E893005BC1EA /* StoreInofViewController2.swift */ = {isa = PBXFileReference; lastKnownFileType = sourcecode.swift; path = StoreInofViewController2.swift; sourceTree = "<group>"; };
		E9A94FAF26B6F4AC005BC1EA /* ProductStyleSelectionViewController.swift */ = {isa = PBXFileReference; lastKnownFileType = sourcecode.swift; path = ProductStyleSelectionViewController.swift; sourceTree = "<group>"; };
		E9A94FB126B6F96C005BC1EA /* CCollectionFlowLayout.swift */ = {isa = PBXFileReference; fileEncoding = 4; lastKnownFileType = sourcecode.swift; path = CCollectionFlowLayout.swift; sourceTree = "<group>"; };
		E9B234FE26C2B2F80089BB6D /* FtCategoryViewController.swift */ = {isa = PBXFileReference; lastKnownFileType = sourcecode.swift; path = FtCategoryViewController.swift; sourceTree = "<group>"; };
		E9B2350026C2B3140089BB6D /* FtStyleViewController.swift */ = {isa = PBXFileReference; lastKnownFileType = sourcecode.swift; path = FtStyleViewController.swift; sourceTree = "<group>"; };
		E9B2350226C2B31B0089BB6D /* FtColorViewController.swift */ = {isa = PBXFileReference; lastKnownFileType = sourcecode.swift; path = FtColorViewController.swift; sourceTree = "<group>"; };
		E9B2350426C2B32D0089BB6D /* FtAddrViewController.swift */ = {isa = PBXFileReference; lastKnownFileType = sourcecode.swift; path = FtAddrViewController.swift; sourceTree = "<group>"; };
		E9B2350626C2B33B0089BB6D /* FtAmountViewController.swift */ = {isa = PBXFileReference; lastKnownFileType = sourcecode.swift; path = FtAmountViewController.swift; sourceTree = "<group>"; };
		E9B2350826C2B3460089BB6D /* FtCountyViewController.swift */ = {isa = PBXFileReference; lastKnownFileType = sourcecode.swift; path = FtCountyViewController.swift; sourceTree = "<group>"; };
		E9BBC0D426C41A86001ED68C /* FilterColorColCell.swift */ = {isa = PBXFileReference; lastKnownFileType = sourcecode.swift; path = FilterColorColCell.swift; sourceTree = "<group>"; };
		E9BBC0D526C41A86001ED68C /* FilterColorColCell.xib */ = {isa = PBXFileReference; lastKnownFileType = file.xib; path = FilterColorColCell.xib; sourceTree = "<group>"; };
		E9CE23EA26C9675700A09B16 /* MenuViewController.swift */ = {isa = PBXFileReference; lastKnownFileType = sourcecode.swift; path = MenuViewController.swift; sourceTree = "<group>"; };
		E9CE23EC26C9677900A09B16 /* SearchViewController.swift */ = {isa = PBXFileReference; lastKnownFileType = sourcecode.swift; path = SearchViewController.swift; sourceTree = "<group>"; };
		E9CE23EE26C967A400A09B16 /* OrderViewController.swift */ = {isa = PBXFileReference; lastKnownFileType = sourcecode.swift; path = OrderViewController.swift; sourceTree = "<group>"; };
		E9EFC96D26B83E8A00FFC603 /* CImagePickerController.swift */ = {isa = PBXFileReference; fileEncoding = 4; lastKnownFileType = sourcecode.swift; path = CImagePickerController.swift; sourceTree = "<group>"; };
		E9EFC96E26B83E8A00FFC603 /* CameraOverlayView.swift */ = {isa = PBXFileReference; fileEncoding = 4; lastKnownFileType = sourcecode.swift; path = CameraOverlayView.swift; sourceTree = "<group>"; };
		E9EFC96F26B83E8A00FFC603 /* CameraOverlayView.xib */ = {isa = PBXFileReference; fileEncoding = 4; lastKnownFileType = file.xib; path = CameraOverlayView.xib; sourceTree = "<group>"; };
		E9EFC97326B83EA800FFC603 /* Photos.framework */ = {isa = PBXFileReference; lastKnownFileType = wrapper.framework; name = Photos.framework; path = System/Library/Frameworks/Photos.framework; sourceTree = SDKROOT; };
/* End PBXFileReference section */

/* Begin PBXFrameworksBuildPhase section */
		E9A6ABF726B29E9C00F53885 /* Frameworks */ = {
			isa = PBXFrameworksBuildPhase;
			buildActionMask = 2147483647;
			files = (
				9A97876B2D23DA8B31ADC544 /* Pods_otbwa.framework in Frameworks */,
				E9EFC97426B83EA800FFC603 /* Photos.framework in Frameworks */,
			);
			runOnlyForDeploymentPostprocessing = 0;
		};
/* End PBXFrameworksBuildPhase section */

/* Begin PBXGroup section */
		4FF4CDFFB9211631C7D6B1EC /* Frameworks */ = {
			isa = PBXGroup;
			children = (
				E9EFC97326B83EA800FFC603 /* Photos.framework */,
				C115972814BDA77BFAF97CC2 /* Pods_otbwa.framework */,
			);
			name = Frameworks;
			sourceTree = "<group>";
		};
		C8F16B741A2F25172E8DB651 /* Pods */ = {
			isa = PBXGroup;
			children = (
				355F69D5610D07AD45BB6243 /* Pods-otbwa.debug.xcconfig */,
				C6B7B3B3AAF11ED52262875D /* Pods-otbwa.release.xcconfig */,
			);
			path = Pods;
			sourceTree = "<group>";
		};
		E981358426B37F4900C75AA1 /* Controllers */ = {
			isa = PBXGroup;
			children = (
				E9B234FB26C2A8BA0089BB6D /* Filter */,
				E99EEC0726BEE3F1006A65CF /* Retail */,
				E981358526B37F6300C75AA1 /* Login */,
				E9865E0626BFEB6E00C7348E /* EventDetailViewController.swift */,
			);
			path = Controllers;
			sourceTree = "<group>";
		};
		E981358526B37F6300C75AA1 /* Login */ = {
			isa = PBXGroup;
			children = (
				E981358A26B380A000C75AA1 /* IntroViewController.swift */,
				E981358C26B380AA00C75AA1 /* LoginViewController.swift */,
				E98135C326B3A1A800C75AA1 /* FindIdViewController.swift */,
				E98135C526B3A1AF00C75AA1 /* FindPwViewController.swift */,
				E9A5B4A926B3C28B0002AE81 /* JoinGateWayViewController.swift */,
				E945566B26B67F1F00F6268D /* JoinCompletionViewController.swift */,
				E9A5B4AD26B3D6000002AE81 /* UserTypeSelectionViewController.swift */,
				E9A5B4BA26B3DE910002AE81 /* Employee */,
				E9A5B4B026B3DD3A0002AE81 /* Ceo */,
			);
			path = Login;
			sourceTree = "<group>";
		};
		E981358F26B38F6F00C75AA1 /* Views */ = {
			isa = PBXGroup;
			children = (
				E9A94FB126B6F96C005BC1EA /* CCollectionFlowLayout.swift */,
				E9A5B4AB26B3CA3D0002AE81 /* SelectedButton.swift */,
				E9A5B4A726B3B7900002AE81 /* CNavigationBar.swift */,
				E98135B126B390B400C75AA1 /* CButton.swift */,
				E98135AD26B390B300C75AA1 /* CDateFormatter.swift */,
				E98135B026B390B300C75AA1 /* CImageView.swift */,
				E98135B326B390B400C75AA1 /* Clabel.swift */,
				E98135AC26B390B300C75AA1 /* CTextField.swift */,
				E98135B426B390B400C75AA1 /* CTextView.swift */,
				E98135B526B390B400C75AA1 /* CToolbar.swift */,
				E98135AE26B390B300C75AA1 /* CView.swift */,
			);
			path = Views;
			sourceTree = "<group>";
		};
		E98135C226B392CD00C75AA1 /* Common */ = {
			isa = PBXGroup;
			children = (
				E99A7A9A26BAD2990036525E /* CFlowLayout.swift */,
				E99A7A9826BAA29A0036525E /* KeychainItem.swift */,
				E9EFC96E26B83E8A00FFC603 /* CameraOverlayView.swift */,
				E9EFC96F26B83E8A00FFC603 /* CameraOverlayView.xib */,
				E9EFC96D26B83E8A00FFC603 /* CImagePickerController.swift */,
				E98135B226B390B400C75AA1 /* DateExtension.swift */,
				E98135AF26B390B300C75AA1 /* Extension.swift */,
				E99EC7EF26B787EC00520D44 /* Utility.swift */,
				E99EEC0126BECE71006A65CF /* TabContainerController.swift */,
				E99EEC0226BECE71006A65CF /* TabContainerController.xib */,
			);
			path = Common;
			sourceTree = "<group>";
		};
		E9865DE026BF939D00C7348E /* Libaray */ = {
			isa = PBXGroup;
			children = (
				E9865DE126BF93B900C7348E /* FSPagerView */,
			);
			path = Libaray;
			sourceTree = "<group>";
		};
		E9865DE126BF93B900C7348E /* FSPagerView */ = {
			isa = PBXGroup;
			children = (
				E9865DE226BF93B900C7348E /* LICENSE */,
				E9865DE326BF93B900C7348E /* README-OBJECTIVE-C.md */,
				E9865DE426BF93B900C7348E /* Sources */,
			);
			path = FSPagerView;
			sourceTree = "<group>";
		};
		E9865DE426BF93B900C7348E /* Sources */ = {
			isa = PBXGroup;
			children = (
				E9865DE526BF93B900C7348E /* FSPagerView.swift */,
				E9865DE626BF93B900C7348E /* FSPageViewTransformer.swift */,
				E9865DE726BF93B900C7348E /* FSPagerViewObjcCompat.h */,
				E9865DE826BF93B900C7348E /* FSPagerViewCell.swift */,
				E9865DE926BF93B900C7348E /* FSPagerViewLayoutAttributes.swift */,
				E9865DEA26BF93B900C7348E /* FSPageViewLayout.swift */,
				E9865DEB26BF93B900C7348E /* FSPageControl.swift */,
				E9865DEC26BF93B900C7348E /* FSPagerViewObjcCompat.m */,
				E9865DED26BF93B900C7348E /* FSPagerCollectionView.swift */,
			);
			path = Sources;
			sourceTree = "<group>";
		};
		E99EC7EA26B7861B00520D44 /* Network */ = {
			isa = PBXGroup;
			children = (
				E98135C026B3910000C75AA1 /* Constants.swift */,
				E99EC7EB26B7865A00520D44 /* ApiManager.swift */,
				E99EC7ED26B7866300520D44 /* NetworkManager.swift */,
			);
			path = Network;
			sourceTree = "<group>";
		};
		E99EEC0726BEE3F1006A65CF /* Retail */ = {
			isa = PBXGroup;
			children = (
				E99EEC0526BEE328006A65CF /* RMainTabViewController.swift */,
				E99EEC0826BEE4A2006A65CF /* RTotalProductViewController.swift */,
				E99EEC0A26BEE4F8006A65CF /* RPartnerProductViewController.swift */,
				E9865DFC26BFAF5500C7348E /* FilterReusableView.swift */,
				E9865DFD26BFAF5500C7348E /* FilterReusableView.xib */,
				E9865DF826BF947000C7348E /* BannerColCell.swift */,
				E9865DF926BF947000C7348E /* BannerColCell.xib */,
				E9865E0826C000B500C7348E /* ProductColCell.swift */,
				E9865E0926C000B500C7348E /* ProductColCell.xib */,
				E9CE23EA26C9675700A09B16 /* MenuViewController.swift */,
				E9CE23EC26C9677900A09B16 /* SearchViewController.swift */,
				E9CE23EE26C967A400A09B16 /* OrderViewController.swift */,
			);
			path = Retail;
			sourceTree = "<group>";
		};
		E9A5B4B026B3DD3A0002AE81 /* Ceo */ = {
			isa = PBXGroup;
			children = (
				E9A5B4B126B3DDA40002AE81 /* StoreLocationInfoViewController.swift */,
				E9A5B4B326B3DDCA0002AE81 /* CeoInofViewController.swift */,
				E97C7AD726B52C6300D5EA93 /* StoreInofViewController.swift */,
				E9A94FAD26B6E893005BC1EA /* StoreInofViewController2.swift */,
				E99EB83026B4395F00084684 /* BuildingSelectedViewController.swift */,
				E99EB83626B43DEF00084684 /* PopupCell.swift */,
				E99EB83726B43DEF00084684 /* PopupCell.xib */,
				E99EB83226B4397700084684 /* FlowSelectedViewController.swift */,
				E99EB83426B439A500084684 /* RoomSelectedViewController.swift */,
				E97C7AD926B55D1300D5EA93 /* HashTagViewController.swift */,
				E945565F26B55DEA00F6268D /* FilterSectionView.swift */,
				E945566126B55DF100F6268D /* FilterSectionView.xib */,
				E9A94FAF26B6F4AC005BC1EA /* ProductStyleSelectionViewController.swift */,
			);
			name = Ceo;
			sourceTree = "<group>";
		};
		E9A5B4BA26B3DE910002AE81 /* Employee */ = {
			isa = PBXGroup;
			children = (
				E9A5B4B526B3DE3C0002AE81 /* StaffStoreInfoViewController.swift */,
				E9A5B4BB26B3DEB00002AE81 /* StaffInfoViewController.swift */,
				E945566926B66B7400F6268D /* StoreSelectionViewController.swift */,
			);
			name = Employee;
			sourceTree = "<group>";
		};
		E9A6ABF126B29E9C00F53885 = {
			isa = PBXGroup;
			children = (
				E9A6ABFC26B29E9C00F53885 /* otbwa */,
				E9A6ABFB26B29E9C00F53885 /* Products */,
				C8F16B741A2F25172E8DB651 /* Pods */,
				4FF4CDFFB9211631C7D6B1EC /* Frameworks */,
			);
			sourceTree = "<group>";
		};
		E9A6ABFB26B29E9C00F53885 /* Products */ = {
			isa = PBXGroup;
			children = (
				E9A6ABFA26B29E9C00F53885 /* otbwa.app */,
			);
			name = Products;
			sourceTree = "<group>";
		};
		E9A6ABFC26B29E9C00F53885 /* otbwa */ = {
			isa = PBXGroup;
			children = (
				E9A6AC0326B29E9C00F53885 /* Main.storyboard */,
				E981358226B37F3B00C75AA1 /* Login.storyboard */,
				E9865E0E26C0114400C7348E /* Common.storyboard */,
				E99EC7EA26B7861B00520D44 /* Network */,
				E9A94FAA26B6DD67005BC1EA /* Models */,
				E981358426B37F4900C75AA1 /* Controllers */,
				E98135C226B392CD00C75AA1 /* Common */,
				E981358F26B38F6F00C75AA1 /* Views */,
				E9A6AC1126B29F7300F53885 /* App */,
				E9865DE026BF939D00C7348E /* Libaray */,
				E9A6AC0626B29E9E00F53885 /* Assets.xcassets */,
				E9A6AC0826B29E9E00F53885 /* LaunchScreen.storyboard */,
				E9A6AC0B26B29E9E00F53885 /* Info.plist */,
				E9A6AC1226B2A25B00F53885 /* GoogleService-Info.plist */,
			);
			path = otbwa;
			sourceTree = "<group>";
		};
		E9A6AC1126B29F7300F53885 /* App */ = {
			isa = PBXGroup;
			children = (
				E9A6ABFD26B29E9C00F53885 /* AppDelegate.swift */,
				E981358626B37FFB00C75AA1 /* BaseViewController.swift */,
				E981358826B3803100C75AA1 /* BaseNavigationController.swift */,
				E945566D26B687D600F6268D /* MainTabBarController.swift */,
			);
			path = App;
			sourceTree = "<group>";
		};
		E9A94FAA26B6DD67005BC1EA /* Models */ = {
			isa = PBXGroup;
			children = (
				E945566726B64BCE00F6268D /* ShareData.swift */,
				E9A94FAB26B6DD8D005BC1EA /* UserInfo.swift */,
			);
			path = Models;
			sourceTree = "<group>";
		};
		E9B234FB26C2A8BA0089BB6D /* Filter */ = {
			isa = PBXGroup;
			children = (
				E9865E0C26C00C7800C7348E /* FilterViewController.swift */,
				E9B234FE26C2B2F80089BB6D /* FtCategoryViewController.swift */,
				E9B2350026C2B3140089BB6D /* FtStyleViewController.swift */,
				E9B2350226C2B31B0089BB6D /* FtColorViewController.swift */,
				E9B2350426C2B32D0089BB6D /* FtAddrViewController.swift */,
				E9B2350626C2B33B0089BB6D /* FtAmountViewController.swift */,
				E9B2350826C2B3460089BB6D /* FtCountyViewController.swift */,
				E94632BC26C2CAFA00E469B4 /* FilterColCell.swift */,
				E94632BD26C2CAFA00E469B4 /* FilterColCell.xib */,
				E9BBC0D426C41A86001ED68C /* FilterColorColCell.swift */,
				E9BBC0D526C41A86001ED68C /* FilterColorColCell.xib */,
			);
			path = Filter;
			sourceTree = "<group>";
		};
/* End PBXGroup section */

/* Begin PBXNativeTarget section */
		E9A6ABF926B29E9C00F53885 /* otbwa */ = {
			isa = PBXNativeTarget;
			buildConfigurationList = E9A6AC0E26B29E9E00F53885 /* Build configuration list for PBXNativeTarget "otbwa" */;
			buildPhases = (
				0EBDF6901A24824AC6AA686C /* [CP] Check Pods Manifest.lock */,
				E9A6ABF626B29E9C00F53885 /* Sources */,
				E9A6ABF726B29E9C00F53885 /* Frameworks */,
				E9A6ABF826B29E9C00F53885 /* Resources */,
				74735B9F798C6768A92BF1BD /* [CP] Embed Pods Frameworks */,
			);
			buildRules = (
			);
			dependencies = (
			);
			name = otbwa;
			productName = otbwa;
			productReference = E9A6ABFA26B29E9C00F53885 /* otbwa.app */;
			productType = "com.apple.product-type.application";
		};
/* End PBXNativeTarget section */

/* Begin PBXProject section */
		E9A6ABF226B29E9C00F53885 /* Project object */ = {
			isa = PBXProject;
			attributes = {
				LastSwiftUpdateCheck = 1250;
				LastUpgradeCheck = 1250;
				TargetAttributes = {
					E9A6ABF926B29E9C00F53885 = {
						CreatedOnToolsVersion = 12.5.1;
					};
				};
			};
			buildConfigurationList = E9A6ABF526B29E9C00F53885 /* Build configuration list for PBXProject "otbwa" */;
			compatibilityVersion = "Xcode 9.3";
			developmentRegion = en;
			hasScannedForEncodings = 0;
			knownRegions = (
				en,
				Base,
			);
			mainGroup = E9A6ABF126B29E9C00F53885;
			productRefGroup = E9A6ABFB26B29E9C00F53885 /* Products */;
			projectDirPath = "";
			projectRoot = "";
			targets = (
				E9A6ABF926B29E9C00F53885 /* otbwa */,
			);
		};
/* End PBXProject section */

/* Begin PBXResourcesBuildPhase section */
		E9A6ABF826B29E9C00F53885 /* Resources */ = {
			isa = PBXResourcesBuildPhase;
			buildActionMask = 2147483647;
			files = (
				E9865E0B26C000B500C7348E /* ProductColCell.xib in Resources */,
				E9A6AC0A26B29E9E00F53885 /* LaunchScreen.storyboard in Resources */,
				E9A6AC1326B2A25B00F53885 /* GoogleService-Info.plist in Resources */,
				E9865E0F26C0114400C7348E /* Common.storyboard in Resources */,
				E9A6AC0726B29E9E00F53885 /* Assets.xcassets in Resources */,
				E981358326B37F3B00C75AA1 /* Login.storyboard in Resources */,
				E94632BF26C2CAFA00E469B4 /* FilterColCell.xib in Resources */,
				E9BBC0D726C41A86001ED68C /* FilterColorColCell.xib in Resources */,
				E9EFC97226B83E8A00FFC603 /* CameraOverlayView.xib in Resources */,
				E9865DFF26BFAF5500C7348E /* FilterReusableView.xib in Resources */,
				E9865DFB26BF947000C7348E /* BannerColCell.xib in Resources */,
				E9865DEE26BF93B900C7348E /* LICENSE in Resources */,
				E9865DEF26BF93B900C7348E /* README-OBJECTIVE-C.md in Resources */,
				E99EB83926B43DEF00084684 /* PopupCell.xib in Resources */,
				E9A6AC0526B29E9C00F53885 /* Main.storyboard in Resources */,
				E945566226B55DF100F6268D /* FilterSectionView.xib in Resources */,
				E99EEC0426BECE71006A65CF /* TabContainerController.xib in Resources */,
			);
			runOnlyForDeploymentPostprocessing = 0;
		};
/* End PBXResourcesBuildPhase section */

/* Begin PBXShellScriptBuildPhase section */
		0EBDF6901A24824AC6AA686C /* [CP] Check Pods Manifest.lock */ = {
			isa = PBXShellScriptBuildPhase;
			buildActionMask = 2147483647;
			files = (
			);
			inputFileListPaths = (
			);
			inputPaths = (
				"${PODS_PODFILE_DIR_PATH}/Podfile.lock",
				"${PODS_ROOT}/Manifest.lock",
			);
			name = "[CP] Check Pods Manifest.lock";
			outputFileListPaths = (
			);
			outputPaths = (
				"$(DERIVED_FILE_DIR)/Pods-otbwa-checkManifestLockResult.txt",
			);
			runOnlyForDeploymentPostprocessing = 0;
			shellPath = /bin/sh;
			shellScript = "diff \"${PODS_PODFILE_DIR_PATH}/Podfile.lock\" \"${PODS_ROOT}/Manifest.lock\" > /dev/null\nif [ $? != 0 ] ; then\n    # print error to STDERR\n    echo \"error: The sandbox is not in sync with the Podfile.lock. Run 'pod install' or update your CocoaPods installation.\" >&2\n    exit 1\nfi\n# This output is used by Xcode 'outputs' to avoid re-running this script phase.\necho \"SUCCESS\" > \"${SCRIPT_OUTPUT_FILE_0}\"\n";
			showEnvVarsInLog = 0;
		};
		74735B9F798C6768A92BF1BD /* [CP] Embed Pods Frameworks */ = {
			isa = PBXShellScriptBuildPhase;
			buildActionMask = 2147483647;
			files = (
			);
			inputFileListPaths = (
				"${PODS_ROOT}/Target Support Files/Pods-otbwa/Pods-otbwa-frameworks-${CONFIGURATION}-input-files.xcfilelist",
			);
			name = "[CP] Embed Pods Frameworks";
			outputFileListPaths = (
				"${PODS_ROOT}/Target Support Files/Pods-otbwa/Pods-otbwa-frameworks-${CONFIGURATION}-output-files.xcfilelist",
			);
			runOnlyForDeploymentPostprocessing = 0;
			shellPath = /bin/sh;
			shellScript = "\"${PODS_ROOT}/Target Support Files/Pods-otbwa/Pods-otbwa-frameworks.sh\"\n";
			showEnvVarsInLog = 0;
		};
/* End PBXShellScriptBuildPhase section */

/* Begin PBXSourcesBuildPhase section */
		E9A6ABF626B29E9C00F53885 /* Sources */ = {
			isa = PBXSourcesBuildPhase;
			buildActionMask = 2147483647;
			files = (
				E9A94FAC26B6DD8D005BC1EA /* UserInfo.swift in Sources */,
				E981358D26B380AA00C75AA1 /* LoginViewController.swift in Sources */,
				E94632BE26C2CAFA00E469B4 /* FilterColCell.swift in Sources */,
				E98135C126B3910000C75AA1 /* Constants.swift in Sources */,
				E99EB83826B43DEF00084684 /* PopupCell.swift in Sources */,
				E98135C626B3A1AF00C75AA1 /* FindPwViewController.swift in Sources */,
				E98135BA26B390B400C75AA1 /* CImageView.swift in Sources */,
				E98135B626B390B400C75AA1 /* CTextField.swift in Sources */,
				E945566C26B67F1F00F6268D /* JoinCompletionViewController.swift in Sources */,
				E981358B26B380A000C75AA1 /* IntroViewController.swift in Sources */,
				E99EB83326B4397700084684 /* FlowSelectedViewController.swift in Sources */,
				E9B2350326C2B31B0089BB6D /* FtColorViewController.swift in Sources */,
				E9BBC0D626C41A86001ED68C /* FilterColorColCell.swift in Sources */,
				E9B234FF26C2B2F80089BB6D /* FtCategoryViewController.swift in Sources */,
				E9865DF626BF93B900C7348E /* FSPagerViewObjcCompat.m in Sources */,
				E9CE23ED26C9677900A09B16 /* SearchViewController.swift in Sources */,
				E9865DF226BF93B900C7348E /* FSPagerViewCell.swift in Sources */,
				E99EC7EC26B7865A00520D44 /* ApiManager.swift in Sources */,
				E981358926B3803100C75AA1 /* BaseNavigationController.swift in Sources */,
				E9865E0726BFEB6E00C7348E /* EventDetailViewController.swift in Sources */,
				E98135BC26B390B400C75AA1 /* DateExtension.swift in Sources */,
				E99A7A9926BAA29A0036525E /* KeychainItem.swift in Sources */,
				E945566E26B687D600F6268D /* MainTabBarController.swift in Sources */,
				E99EEC0326BECE71006A65CF /* TabContainerController.swift in Sources */,
				E9B2350526C2B32D0089BB6D /* FtAddrViewController.swift in Sources */,
				E99EB83526B439A500084684 /* RoomSelectedViewController.swift in Sources */,
				E99EB83126B4395F00084684 /* BuildingSelectedViewController.swift in Sources */,
				E98135C426B3A1A800C75AA1 /* FindIdViewController.swift in Sources */,
				E99EEC0926BEE4A2006A65CF /* RTotalProductViewController.swift in Sources */,
				E9CE23EB26C9675700A09B16 /* MenuViewController.swift in Sources */,
				E9865DF426BF93B900C7348E /* FSPageViewLayout.swift in Sources */,
				E9A5B4BC26B3DEB00002AE81 /* StaffInfoViewController.swift in Sources */,
				E97C7AD826B52C6300D5EA93 /* StoreInofViewController.swift in Sources */,
				E9865DF026BF93B900C7348E /* FSPagerView.swift in Sources */,
				E9865DF726BF93B900C7348E /* FSPagerCollectionView.swift in Sources */,
				E945566826B64BCE00F6268D /* ShareData.swift in Sources */,
				E9A94FB226B6F96C005BC1EA /* CCollectionFlowLayout.swift in Sources */,
				E98135B726B390B400C75AA1 /* CDateFormatter.swift in Sources */,
				E9865DF126BF93B900C7348E /* FSPageViewTransformer.swift in Sources */,
				E9B2350126C2B3140089BB6D /* FtStyleViewController.swift in Sources */,
				E99EEC0626BEE328006A65CF /* RMainTabViewController.swift in Sources */,
				E98135B926B390B400C75AA1 /* Extension.swift in Sources */,
				E98135BD26B390B400C75AA1 /* Clabel.swift in Sources */,
				E9865DFE26BFAF5500C7348E /* FilterReusableView.swift in Sources */,
				E9EFC97126B83E8A00FFC603 /* CameraOverlayView.swift in Sources */,
				E9A94FAE26B6E893005BC1EA /* StoreInofViewController2.swift in Sources */,
				E9A5B4B626B3DE3C0002AE81 /* StaffStoreInfoViewController.swift in Sources */,
				E9A6ABFE26B29E9C00F53885 /* AppDelegate.swift in Sources */,
				E9A5B4B226B3DDA40002AE81 /* StoreLocationInfoViewController.swift in Sources */,
				E9865E0A26C000B500C7348E /* ProductColCell.swift in Sources */,
				E9865DF326BF93B900C7348E /* FSPagerViewLayoutAttributes.swift in Sources */,
				E97C7ADA26B55D1300D5EA93 /* HashTagViewController.swift in Sources */,
				E9A5B4A826B3B7900002AE81 /* CNavigationBar.swift in Sources */,
				E98135B826B390B400C75AA1 /* CView.swift in Sources */,
				E9865DFA26BF947000C7348E /* BannerColCell.swift in Sources */,
				E945566026B55DEA00F6268D /* FilterSectionView.swift in Sources */,
				E981358726B37FFB00C75AA1 /* BaseViewController.swift in Sources */,
				E98135BE26B390B400C75AA1 /* CTextView.swift in Sources */,
				E98135BB26B390B400C75AA1 /* CButton.swift in Sources */,
				E99A7A9B26BAD2990036525E /* CFlowLayout.swift in Sources */,
				E9A5B4AE26B3D6000002AE81 /* UserTypeSelectionViewController.swift in Sources */,
				E99EC7F026B787EC00520D44 /* Utility.swift in Sources */,
				E9865DF526BF93B900C7348E /* FSPageControl.swift in Sources */,
				E945566A26B66B7400F6268D /* StoreSelectionViewController.swift in Sources */,
				E9B2350726C2B33B0089BB6D /* FtAmountViewController.swift in Sources */,
				E99EEC0B26BEE4F8006A65CF /* RPartnerProductViewController.swift in Sources */,
				E9A94FB026B6F4AC005BC1EA /* ProductStyleSelectionViewController.swift in Sources */,
				E9CE23EF26C967A400A09B16 /* OrderViewController.swift in Sources */,
				E9EFC97026B83E8A00FFC603 /* CImagePickerController.swift in Sources */,
				E9865E0D26C00C7800C7348E /* FilterViewController.swift in Sources */,
				E98135BF26B390B400C75AA1 /* CToolbar.swift in Sources */,
				E9A5B4B426B3DDCA0002AE81 /* CeoInofViewController.swift in Sources */,
				E9A5B4AC26B3CA3D0002AE81 /* SelectedButton.swift in Sources */,
				E99EC7EE26B7866400520D44 /* NetworkManager.swift in Sources */,
				E9B2350926C2B3460089BB6D /* FtCountyViewController.swift in Sources */,
				E9A5B4AA26B3C28B0002AE81 /* JoinGateWayViewController.swift in Sources */,
			);
			runOnlyForDeploymentPostprocessing = 0;
		};
/* End PBXSourcesBuildPhase section */

/* Begin PBXVariantGroup section */
		E9A6AC0326B29E9C00F53885 /* Main.storyboard */ = {
			isa = PBXVariantGroup;
			children = (
				E9A6AC0426B29E9C00F53885 /* Base */,
			);
			name = Main.storyboard;
			sourceTree = "<group>";
		};
		E9A6AC0826B29E9E00F53885 /* LaunchScreen.storyboard */ = {
			isa = PBXVariantGroup;
			children = (
				E9A6AC0926B29E9E00F53885 /* Base */,
			);
			name = LaunchScreen.storyboard;
			sourceTree = "<group>";
		};
/* End PBXVariantGroup section */

/* Begin XCBuildConfiguration section */
		E9A6AC0C26B29E9E00F53885 /* Debug */ = {
			isa = XCBuildConfiguration;
			buildSettings = {
				ALWAYS_SEARCH_USER_PATHS = NO;
				CLANG_ANALYZER_NONNULL = YES;
				CLANG_ANALYZER_NUMBER_OBJECT_CONVERSION = YES_AGGRESSIVE;
				CLANG_CXX_LANGUAGE_STANDARD = "gnu++14";
				CLANG_CXX_LIBRARY = "libc++";
				CLANG_ENABLE_MODULES = YES;
				CLANG_ENABLE_OBJC_ARC = YES;
				CLANG_ENABLE_OBJC_WEAK = YES;
				CLANG_WARN_BLOCK_CAPTURE_AUTORELEASING = YES;
				CLANG_WARN_BOOL_CONVERSION = YES;
				CLANG_WARN_COMMA = YES;
				CLANG_WARN_CONSTANT_CONVERSION = YES;
				CLANG_WARN_DEPRECATED_OBJC_IMPLEMENTATIONS = YES;
				CLANG_WARN_DIRECT_OBJC_ISA_USAGE = YES_ERROR;
				CLANG_WARN_DOCUMENTATION_COMMENTS = YES;
				CLANG_WARN_EMPTY_BODY = YES;
				CLANG_WARN_ENUM_CONVERSION = YES;
				CLANG_WARN_INFINITE_RECURSION = YES;
				CLANG_WARN_INT_CONVERSION = YES;
				CLANG_WARN_NON_LITERAL_NULL_CONVERSION = YES;
				CLANG_WARN_OBJC_IMPLICIT_RETAIN_SELF = YES;
				CLANG_WARN_OBJC_LITERAL_CONVERSION = YES;
				CLANG_WARN_OBJC_ROOT_CLASS = YES_ERROR;
				CLANG_WARN_QUOTED_INCLUDE_IN_FRAMEWORK_HEADER = YES;
				CLANG_WARN_RANGE_LOOP_ANALYSIS = YES;
				CLANG_WARN_STRICT_PROTOTYPES = YES;
				CLANG_WARN_SUSPICIOUS_MOVE = YES;
				CLANG_WARN_UNGUARDED_AVAILABILITY = YES_AGGRESSIVE;
				CLANG_WARN_UNREACHABLE_CODE = YES;
				CLANG_WARN__DUPLICATE_METHOD_MATCH = YES;
				COPY_PHASE_STRIP = NO;
				DEBUG_INFORMATION_FORMAT = dwarf;
				ENABLE_STRICT_OBJC_MSGSEND = YES;
				ENABLE_TESTABILITY = YES;
				GCC_C_LANGUAGE_STANDARD = gnu11;
				GCC_DYNAMIC_NO_PIC = NO;
				GCC_NO_COMMON_BLOCKS = YES;
				GCC_OPTIMIZATION_LEVEL = 0;
				GCC_PREPROCESSOR_DEFINITIONS = (
					"DEBUG=1",
					"$(inherited)",
				);
				GCC_WARN_64_TO_32_BIT_CONVERSION = YES;
				GCC_WARN_ABOUT_RETURN_TYPE = YES_ERROR;
				GCC_WARN_UNDECLARED_SELECTOR = YES;
				GCC_WARN_UNINITIALIZED_AUTOS = YES_AGGRESSIVE;
				GCC_WARN_UNUSED_FUNCTION = YES;
				GCC_WARN_UNUSED_VARIABLE = YES;
				IPHONEOS_DEPLOYMENT_TARGET = 13.2;
				MTL_ENABLE_DEBUG_INFO = INCLUDE_SOURCE;
				MTL_FAST_MATH = YES;
				ONLY_ACTIVE_ARCH = YES;
				SDKROOT = iphoneos;
				SWIFT_ACTIVE_COMPILATION_CONDITIONS = DEBUG;
				SWIFT_OPTIMIZATION_LEVEL = "-Onone";
			};
			name = Debug;
		};
		E9A6AC0D26B29E9E00F53885 /* Release */ = {
			isa = XCBuildConfiguration;
			buildSettings = {
				ALWAYS_SEARCH_USER_PATHS = NO;
				CLANG_ANALYZER_NONNULL = YES;
				CLANG_ANALYZER_NUMBER_OBJECT_CONVERSION = YES_AGGRESSIVE;
				CLANG_CXX_LANGUAGE_STANDARD = "gnu++14";
				CLANG_CXX_LIBRARY = "libc++";
				CLANG_ENABLE_MODULES = YES;
				CLANG_ENABLE_OBJC_ARC = YES;
				CLANG_ENABLE_OBJC_WEAK = YES;
				CLANG_WARN_BLOCK_CAPTURE_AUTORELEASING = YES;
				CLANG_WARN_BOOL_CONVERSION = YES;
				CLANG_WARN_COMMA = YES;
				CLANG_WARN_CONSTANT_CONVERSION = YES;
				CLANG_WARN_DEPRECATED_OBJC_IMPLEMENTATIONS = YES;
				CLANG_WARN_DIRECT_OBJC_ISA_USAGE = YES_ERROR;
				CLANG_WARN_DOCUMENTATION_COMMENTS = YES;
				CLANG_WARN_EMPTY_BODY = YES;
				CLANG_WARN_ENUM_CONVERSION = YES;
				CLANG_WARN_INFINITE_RECURSION = YES;
				CLANG_WARN_INT_CONVERSION = YES;
				CLANG_WARN_NON_LITERAL_NULL_CONVERSION = YES;
				CLANG_WARN_OBJC_IMPLICIT_RETAIN_SELF = YES;
				CLANG_WARN_OBJC_LITERAL_CONVERSION = YES;
				CLANG_WARN_OBJC_ROOT_CLASS = YES_ERROR;
				CLANG_WARN_QUOTED_INCLUDE_IN_FRAMEWORK_HEADER = YES;
				CLANG_WARN_RANGE_LOOP_ANALYSIS = YES;
				CLANG_WARN_STRICT_PROTOTYPES = YES;
				CLANG_WARN_SUSPICIOUS_MOVE = YES;
				CLANG_WARN_UNGUARDED_AVAILABILITY = YES_AGGRESSIVE;
				CLANG_WARN_UNREACHABLE_CODE = YES;
				CLANG_WARN__DUPLICATE_METHOD_MATCH = YES;
				COPY_PHASE_STRIP = NO;
				DEBUG_INFORMATION_FORMAT = "dwarf-with-dsym";
				ENABLE_NS_ASSERTIONS = NO;
				ENABLE_STRICT_OBJC_MSGSEND = YES;
				GCC_C_LANGUAGE_STANDARD = gnu11;
				GCC_NO_COMMON_BLOCKS = YES;
				GCC_WARN_64_TO_32_BIT_CONVERSION = YES;
				GCC_WARN_ABOUT_RETURN_TYPE = YES_ERROR;
				GCC_WARN_UNDECLARED_SELECTOR = YES;
				GCC_WARN_UNINITIALIZED_AUTOS = YES_AGGRESSIVE;
				GCC_WARN_UNUSED_FUNCTION = YES;
				GCC_WARN_UNUSED_VARIABLE = YES;
				IPHONEOS_DEPLOYMENT_TARGET = 13.2;
				MTL_ENABLE_DEBUG_INFO = NO;
				MTL_FAST_MATH = YES;
				SDKROOT = iphoneos;
				SWIFT_COMPILATION_MODE = wholemodule;
				SWIFT_OPTIMIZATION_LEVEL = "-O";
				VALIDATE_PRODUCT = YES;
			};
			name = Release;
		};
		E9A6AC0F26B29E9E00F53885 /* Debug */ = {
			isa = XCBuildConfiguration;
			baseConfigurationReference = 355F69D5610D07AD45BB6243 /* Pods-otbwa.debug.xcconfig */;
			buildSettings = {
				ASSETCATALOG_COMPILER_APPICON_NAME = AppIcon;
				ASSETCATALOG_COMPILER_GLOBAL_ACCENT_COLOR_NAME = AccentColor;
				CODE_SIGN_STYLE = Automatic;
				DEVELOPMENT_TEAM = 6QB33R9MCL;
				INFOPLIST_FILE = otbwa/Info.plist;
				LD_RUNPATH_SEARCH_PATHS = (
					"$(inherited)",
					"@executable_path/Frameworks",
				);
				PRODUCT_BUNDLE_IDENTIFIER = com.otbwa.app;
				PRODUCT_NAME = "$(TARGET_NAME)";
				SWIFT_VERSION = 5.0;
				TARGETED_DEVICE_FAMILY = "1,2";
			};
			name = Debug;
		};
		E9A6AC1026B29E9E00F53885 /* Release */ = {
			isa = XCBuildConfiguration;
			baseConfigurationReference = C6B7B3B3AAF11ED52262875D /* Pods-otbwa.release.xcconfig */;
			buildSettings = {
				ASSETCATALOG_COMPILER_APPICON_NAME = AppIcon;
				ASSETCATALOG_COMPILER_GLOBAL_ACCENT_COLOR_NAME = AccentColor;
				CODE_SIGN_STYLE = Automatic;
				DEVELOPMENT_TEAM = 6QB33R9MCL;
				INFOPLIST_FILE = otbwa/Info.plist;
				LD_RUNPATH_SEARCH_PATHS = (
					"$(inherited)",
					"@executable_path/Frameworks",
				);
				PRODUCT_BUNDLE_IDENTIFIER = com.otbwa.app;
				PRODUCT_NAME = "$(TARGET_NAME)";
				SWIFT_VERSION = 5.0;
				TARGETED_DEVICE_FAMILY = "1,2";
			};
			name = Release;
		};
/* End XCBuildConfiguration section */

/* Begin XCConfigurationList section */
		E9A6ABF526B29E9C00F53885 /* Build configuration list for PBXProject "otbwa" */ = {
			isa = XCConfigurationList;
			buildConfigurations = (
				E9A6AC0C26B29E9E00F53885 /* Debug */,
				E9A6AC0D26B29E9E00F53885 /* Release */,
			);
			defaultConfigurationIsVisible = 0;
			defaultConfigurationName = Release;
		};
		E9A6AC0E26B29E9E00F53885 /* Build configuration list for PBXNativeTarget "otbwa" */ = {
			isa = XCConfigurationList;
			buildConfigurations = (
				E9A6AC0F26B29E9E00F53885 /* Debug */,
				E9A6AC1026B29E9E00F53885 /* Release */,
			);
			defaultConfigurationIsVisible = 0;
			defaultConfigurationName = Release;
		};
/* End XCConfigurationList section */
	};
	rootObject = E9A6ABF226B29E9C00F53885 /* Project object */;
}
